
Microsoft Visual Studio Solution File, Format Version 12.00
# Visual Studio Version 17
VisualStudioVersion = 17.0.31903.59
MinimumVisualStudioVersion = 10.0.40219.1
Project("{2150E333-8FDC-42A3-9474-1A3956D46DE8}") = "src", "src", "{827E0CD3-B72D-47B6-A68D-7590B98EB39B}"
EndProject
Project("{FAE04EC0-301F-11D3-BF4B-00C04F79EFBC}") = "AuctionService", "src\AuctionService\AuctionService.csproj", "{BB554BA6-590B-4906-A0F1-C9F2591ED1D3}"
EndProject
Project("{FAE04EC0-301F-11D3-BF4B-00C04F79EFBC}") = "SearchService", "src\SearchService\SearchService.csproj", "{7454C204-1AEE-4130-AEFB-16C4DB92EAEF}"
EndProject
Project("{FAE04EC0-301F-11D3-BF4B-00C04F79EFBC}") = "Contracts", "src\Contracts\Contracts.csproj", "{61326AA0-748A-461E-B9EE-FACB1FEE1FD6}"
EndProject
Project("{FAE04EC0-301F-11D3-BF4B-00C04F79EFBC}") = "IdentityService", "src\IdentityService\IdentityService.csproj", "{72F1273F-19D2-49E8-B821-EAF4B965C068}"
EndProject
Global
	GlobalSection(SolutionConfigurationPlatforms) = preSolution
		Debug|Any CPU = Debug|Any CPU
		Debug|x64 = Debug|x64
		Debug|x86 = Debug|x86
		Release|Any CPU = Release|Any CPU
		Release|x64 = Release|x64
		Release|x86 = Release|x86
	EndGlobalSection
	GlobalSection(ProjectConfigurationPlatforms) = postSolution
		{BB554BA6-590B-4906-A0F1-C9F2591ED1D3}.Debug|Any CPU.ActiveCfg = Debug|Any CPU
		{BB554BA6-590B-4906-A0F1-C9F2591ED1D3}.Debug|Any CPU.Build.0 = Debug|Any CPU
		{BB554BA6-590B-4906-A0F1-C9F2591ED1D3}.Debug|x64.ActiveCfg = Debug|Any CPU
		{BB554BA6-590B-4906-A0F1-C9F2591ED1D3}.Debug|x64.Build.0 = Debug|Any CPU
		{BB554BA6-590B-4906-A0F1-C9F2591ED1D3}.Debug|x86.ActiveCfg = Debug|Any CPU
		{BB554BA6-590B-4906-A0F1-C9F2591ED1D3}.Debug|x86.Build.0 = Debug|Any CPU
		{BB554BA6-590B-4906-A0F1-C9F2591ED1D3}.Release|Any CPU.ActiveCfg = Release|Any CPU
		{BB554BA6-590B-4906-A0F1-C9F2591ED1D3}.Release|Any CPU.Build.0 = Release|Any CPU
		{BB554BA6-590B-4906-A0F1-C9F2591ED1D3}.Release|x64.ActiveCfg = Release|Any CPU
		{BB554BA6-590B-4906-A0F1-C9F2591ED1D3}.Release|x64.Build.0 = Release|Any CPU
		{BB554BA6-590B-4906-A0F1-C9F2591ED1D3}.Release|x86.ActiveCfg = Release|Any CPU
		{BB554BA6-590B-4906-A0F1-C9F2591ED1D3}.Release|x86.Build.0 = Release|Any CPU
		{7454C204-1AEE-4130-AEFB-16C4DB92EAEF}.Debug|Any CPU.ActiveCfg = Debug|Any CPU
		{7454C204-1AEE-4130-AEFB-16C4DB92EAEF}.Debug|Any CPU.Build.0 = Debug|Any CPU
		{7454C204-1AEE-4130-AEFB-16C4DB92EAEF}.Debug|x64.ActiveCfg = Debug|Any CPU
		{7454C204-1AEE-4130-AEFB-16C4DB92EAEF}.Debug|x64.Build.0 = Debug|Any CPU
		{7454C204-1AEE-4130-AEFB-16C4DB92EAEF}.Debug|x86.ActiveCfg = Debug|Any CPU
		{7454C204-1AEE-4130-AEFB-16C4DB92EAEF}.Debug|x86.Build.0 = Debug|Any CPU
		{7454C204-1AEE-4130-AEFB-16C4DB92EAEF}.Release|Any CPU.ActiveCfg = Release|Any CPU
		{7454C204-1AEE-4130-AEFB-16C4DB92EAEF}.Release|Any CPU.Build.0 = Release|Any CPU
		{7454C204-1AEE-4130-AEFB-16C4DB92EAEF}.Release|x64.ActiveCfg = Release|Any CPU
		{7454C204-1AEE-4130-AEFB-16C4DB92EAEF}.Release|x64.Build.0 = Release|Any CPU
		{7454C204-1AEE-4130-AEFB-16C4DB92EAEF}.Release|x86.ActiveCfg = Release|Any CPU
		{7454C204-1AEE-4130-AEFB-16C4DB92EAEF}.Release|x86.Build.0 = Release|Any CPU
		{61326AA0-748A-461E-B9EE-FACB1FEE1FD6}.Debug|Any CPU.ActiveCfg = Debug|Any CPU
		{61326AA0-748A-461E-B9EE-FACB1FEE1FD6}.Debug|Any CPU.Build.0 = Debug|Any CPU
		{61326AA0-748A-461E-B9EE-FACB1FEE1FD6}.Debug|x64.ActiveCfg = Debug|Any CPU
		{61326AA0-748A-461E-B9EE-FACB1FEE1FD6}.Debug|x64.Build.0 = Debug|Any CPU
		{61326AA0-748A-461E-B9EE-FACB1FEE1FD6}.Debug|x86.ActiveCfg = Debug|Any CPU
		{61326AA0-748A-461E-B9EE-FACB1FEE1FD6}.Debug|x86.Build.0 = Debug|Any CPU
		{61326AA0-748A-461E-B9EE-FACB1FEE1FD6}.Release|Any CPU.ActiveCfg = Release|Any CPU
		{61326AA0-748A-461E-B9EE-FACB1FEE1FD6}.Release|Any CPU.Build.0 = Release|Any CPU
		{61326AA0-748A-461E-B9EE-FACB1FEE1FD6}.Release|x64.ActiveCfg = Release|Any CPU
		{61326AA0-748A-461E-B9EE-FACB1FEE1FD6}.Release|x64.Build.0 = Release|Any CPU
		{61326AA0-748A-461E-B9EE-FACB1FEE1FD6}.Release|x86.ActiveCfg = Release|Any CPU
		{61326AA0-748A-461E-B9EE-FACB1FEE1FD6}.Release|x86.Build.0 = Release|Any CPU
		{72F1273F-19D2-49E8-B821-EAF4B965C068}.Debug|Any CPU.ActiveCfg = Debug|Any CPU
		{72F1273F-19D2-49E8-B821-EAF4B965C068}.Debug|Any CPU.Build.0 = Debug|Any CPU
		{72F1273F-19D2-49E8-B821-EAF4B965C068}.Debug|x64.ActiveCfg = Debug|Any CPU
		{72F1273F-19D2-49E8-B821-EAF4B965C068}.Debug|x64.Build.0 = Debug|Any CPU
		{72F1273F-19D2-49E8-B821-EAF4B965C068}.Debug|x86.ActiveCfg = Debug|Any CPU
		{72F1273F-19D2-49E8-B821-EAF4B965C068}.Debug|x86.Build.0 = Debug|Any CPU
		{72F1273F-19D2-49E8-B821-EAF4B965C068}.Release|Any CPU.ActiveCfg = Release|Any CPU
		{72F1273F-19D2-49E8-B821-EAF4B965C068}.Release|Any CPU.Build.0 = Release|Any CPU
		{72F1273F-19D2-49E8-B821-EAF4B965C068}.Release|x64.ActiveCfg = Release|Any CPU
		{72F1273F-19D2-49E8-B821-EAF4B965C068}.Release|x64.Build.0 = Release|Any CPU
		{72F1273F-19D2-49E8-B821-EAF4B965C068}.Release|x86.ActiveCfg = Release|Any CPU
		{72F1273F-19D2-49E8-B821-EAF4B965C068}.Release|x86.Build.0 = Release|Any CPU
	EndGlobalSection
	GlobalSection(SolutionProperties) = preSolution
		HideSolutionNode = FALSE
	EndGlobalSection
	GlobalSection(NestedProjects) = preSolution
		{BB554BA6-590B-4906-A0F1-C9F2591ED1D3} = {827E0CD3-B72D-47B6-A68D-7590B98EB39B}
		{7454C204-1AEE-4130-AEFB-16C4DB92EAEF} = {827E0CD3-B72D-47B6-A68D-7590B98EB39B}
		{61326AA0-748A-461E-B9EE-FACB1FEE1FD6} = {827E0CD3-B72D-47B6-A68D-7590B98EB39B}
		{72F1273F-19D2-49E8-B821-EAF4B965C068} = {827E0CD3-B72D-47B6-A68D-7590B98EB39B}
	EndGlobalSection
EndGlobal
